
Microsoft Visual Studio Solution File, Format Version 12.00
# Visual Studio Version 16
VisualStudioVersion = 16.0.31910.168
MinimumVisualStudioVersion = 10.0.40219.1
Project("{FAE04EC0-301F-11D3-BF4B-00C04F79EFBC}") = "Main", "Main\Main.csproj", "{F6C48CD7-662E-45A9-9726-45B7AA0D8B96}"
EndProject
Project("{FAE04EC0-301F-11D3-BF4B-00C04F79EFBC}") = "Tests", "Tests\Tests.csproj", "{0057CE1B-BC85-408D-A1FD-20523A1440B4}"
EndProject
Project("{FAE04EC0-301F-11D3-BF4B-00C04F79EFBC}") = "MemoryManager.Lib", "MemoryManager\MemoryManager.Lib.csproj", "{12A17153-D995-4928-BFBE-E63AD4BC5258}"
EndProject
Global
	GlobalSection(SolutionConfigurationPlatforms) = preSolution
		Debug|Any CPU = Debug|Any CPU
		Release|Any CPU = Release|Any CPU
	EndGlobalSection
	GlobalSection(ProjectConfigurationPlatforms) = postSolution
		{F6C48CD7-662E-45A9-9726-45B7AA0D8B96}.Debug|Any CPU.ActiveCfg = Debug|Any CPU
		{F6C48CD7-662E-45A9-9726-45B7AA0D8B96}.Debug|Any CPU.Build.0 = Debug|Any CPU
		{F6C48CD7-662E-45A9-9726-45B7AA0D8B96}.Release|Any CPU.ActiveCfg = Release|Any CPU
		{F6C48CD7-662E-45A9-9726-45B7AA0D8B96}.Release|Any CPU.Build.0 = Release|Any CPU
		{0057CE1B-BC85-408D-A1FD-20523A1440B4}.Debug|Any CPU.ActiveCfg = Debug|Any CPU
		{0057CE1B-BC85-408D-A1FD-20523A1440B4}.Debug|Any CPU.Build.0 = Debug|Any CPU
		{0057CE1B-BC85-408D-A1FD-20523A1440B4}.Release|Any CPU.ActiveCfg = Release|Any CPU
		{0057CE1B-BC85-408D-A1FD-20523A1440B4}.Release|Any CPU.Build.0 = Release|Any CPU
		{12A17153-D995-4928-BFBE-E63AD4BC5258}.Debug|Any CPU.ActiveCfg = Debug|Any CPU
		{12A17153-D995-4928-BFBE-E63AD4BC5258}.Debug|Any CPU.Build.0 = Debug|Any CPU
		{12A17153-D995-4928-BFBE-E63AD4BC5258}.Release|Any CPU.ActiveCfg = Release|Any CPU
		{12A17153-D995-4928-BFBE-E63AD4BC5258}.Release|Any CPU.Build.0 = Release|Any CPU
	EndGlobalSection
	GlobalSection(SolutionProperties) = preSolution
		HideSolutionNode = FALSE
	EndGlobalSection
	GlobalSection(ExtensibilityGlobals) = postSolution
		SolutionGuid = {0C499B0D-274A-4BBD-B800-262C6BE04FA1}
	EndGlobalSection
EndGlobal
